// !$*UTF8*$!
{
	archiveVersion = 1;
	classes = {
	};
	objectVersion = 51;
	objects = {

/* Begin PBXBuildFile section */
		9152F195997FE18A5D95AC7A /* Pods_ArtScreen_final.framework in Frameworks */ = {isa = PBXBuildFile; fileRef = CE9CE8F39F6D50C6154BA906 /* Pods_ArtScreen_final.framework */; };
		B011073825425C0E00041A01 /* ExhibitionUploadController.swift in Sources */ = {isa = PBXBuildFile; fileRef = B011073725425C0E00041A01 /* ExhibitionUploadController.swift */; };
		B011073C25425D5F00041A01 /* AddArtworkInputView.swift in Sources */ = {isa = PBXBuildFile; fileRef = B011073B25425D5F00041A01 /* AddArtworkInputView.swift */; };
		B011074025425D8F00041A01 /* AddArtworkInputViewCell.swift in Sources */ = {isa = PBXBuildFile; fileRef = B011073F25425D8F00041A01 /* AddArtworkInputViewCell.swift */; };
		B011074325425DBE00041A01 /* ExhibitionSettingView.swift in Sources */ = {isa = PBXBuildFile; fileRef = B011074225425DBE00041A01 /* ExhibitionSettingView.swift */; };
		B011074625425DD400041A01 /* ExhibitionEditView.swift in Sources */ = {isa = PBXBuildFile; fileRef = B011074525425DD400041A01 /* ExhibitionEditView.swift */; };
		B011074925425DF000041A01 /* ExhibitionSendView.swift in Sources */ = {isa = PBXBuildFile; fileRef = B011074825425DF000041A01 /* ExhibitionSendView.swift */; };
		B011074C25425E0800041A01 /* ExhibitionSendViewCell.swift in Sources */ = {isa = PBXBuildFile; fileRef = B011074B25425E0800041A01 /* ExhibitionSendViewCell.swift */; };
		B011074F25425FCE00041A01 /* ArtworkInputCell.swift in Sources */ = {isa = PBXBuildFile; fileRef = B011074E25425FCE00041A01 /* ArtworkInputCell.swift */; };
		B01107532542613600041A01 /* UserCoverView.swift in Sources */ = {isa = PBXBuildFile; fileRef = B01107522542613600041A01 /* UserCoverView.swift */; };
		B01107562542618800041A01 /* UserContentView.swift in Sources */ = {isa = PBXBuildFile; fileRef = B01107552542618800041A01 /* UserContentView.swift */; };
		B0110759254261E100041A01 /* UserInfoView.swift in Sources */ = {isa = PBXBuildFile; fileRef = B0110758254261E100041A01 /* UserInfoView.swift */; };
		B011075C2542620900041A01 /* UserExhibitionView.swift in Sources */ = {isa = PBXBuildFile; fileRef = B011075B2542620900041A01 /* UserExhibitionView.swift */; };
		B011075F2542623200041A01 /* UserArtworkView.swift in Sources */ = {isa = PBXBuildFile; fileRef = B011075E2542623200041A01 /* UserArtworkView.swift */; };
		B01107622542626600041A01 /* ArtworkCell.swift in Sources */ = {isa = PBXBuildFile; fileRef = B01107612542626600041A01 /* ArtworkCell.swift */; };
		B0110765254262C100041A01 /* ExhibitionCell.swift in Sources */ = {isa = PBXBuildFile; fileRef = B0110764254262C100041A01 /* ExhibitionCell.swift */; };
		B01107682542630000041A01 /* FilterView.swift in Sources */ = {isa = PBXBuildFile; fileRef = B01107672542630000041A01 /* FilterView.swift */; };
		B011076B2542630F00041A01 /* FilterViewCell.swift in Sources */ = {isa = PBXBuildFile; fileRef = B011076A2542630F00041A01 /* FilterViewCell.swift */; };
		B011076E2542634C00041A01 /* FilterViewModel.swift in Sources */ = {isa = PBXBuildFile; fileRef = B011076D2542634C00041A01 /* FilterViewModel.swift */; };
		B0110771254263B300041A01 /* EditToolBarView.swift in Sources */ = {isa = PBXBuildFile; fileRef = B0110770254263B300041A01 /* EditToolBarView.swift */; };
		B0110774254263DB00041A01 /* EditToolBarCell.swift in Sources */ = {isa = PBXBuildFile; fileRef = B0110773254263DB00041A01 /* EditToolBarCell.swift */; };
		B0110777254263FA00041A01 /* ToolBarViewModel.swift in Sources */ = {isa = PBXBuildFile; fileRef = B0110776254263FA00041A01 /* ToolBarViewModel.swift */; };
		B011078925426D4E00041A01 /* CameraViewX.swift in Sources */ = {isa = PBXBuildFile; fileRef = B011078825426D4E00041A01 /* CameraViewX.swift */; };
		B011078C25426E2200041A01 /* AlbumView.swift in Sources */ = {isa = PBXBuildFile; fileRef = B011078B25426E2200041A01 /* AlbumView.swift */; };
		B011078F25426E4F00041A01 /* MyHeaderFooterCollectionView.swift in Sources */ = {isa = PBXBuildFile; fileRef = B011078E25426E4F00041A01 /* MyHeaderFooterCollectionView.swift */; };
		B01107922542702D00041A01 /* AnimateController.swift in Sources */ = {isa = PBXBuildFile; fileRef = B01107912542702D00041A01 /* AnimateController.swift */; };
		B01107952542703C00041A01 /* ConfirmImageController.swift in Sources */ = {isa = PBXBuildFile; fileRef = B01107942542703C00041A01 /* ConfirmImageController.swift */; };
		B01107992542706400041A01 /* ArtworkInfoSettingController.swift in Sources */ = {isa = PBXBuildFile; fileRef = B01107982542706400041A01 /* ArtworkInfoSettingController.swift */; };
		B011079D254270EC00041A01 /* FeatureToolBarView.swift in Sources */ = {isa = PBXBuildFile; fileRef = B011079C254270EC00041A01 /* FeatureToolBarView.swift */; };
		B01107A02542710E00041A01 /* FeatureToolBarViewModel.swift in Sources */ = {isa = PBXBuildFile; fileRef = B011079F2542710E00041A01 /* FeatureToolBarViewModel.swift */; };
		B01107A32542712900041A01 /* FeatureToolBarCell.swift in Sources */ = {isa = PBXBuildFile; fileRef = B01107A22542712900041A01 /* FeatureToolBarCell.swift */; };
		B01107A62542714100041A01 /* AnimateToolBarView.swift in Sources */ = {isa = PBXBuildFile; fileRef = B01107A52542714100041A01 /* AnimateToolBarView.swift */; };
		B01107A92542715600041A01 /* AnimateToolBarCell.swift in Sources */ = {isa = PBXBuildFile; fileRef = B01107A82542715600041A01 /* AnimateToolBarCell.swift */; };
		B01107AC2542716600041A01 /* LayoutCell.swift in Sources */ = {isa = PBXBuildFile; fileRef = B01107AB2542716600041A01 /* LayoutCell.swift */; };
		B01107B02542719E00041A01 /* PenToolBarView.swift in Sources */ = {isa = PBXBuildFile; fileRef = B01107AF2542719E00041A01 /* PenToolBarView.swift */; };
		B01107B4254271B400041A01 /* PenToolBarCell.swift in Sources */ = {isa = PBXBuildFile; fileRef = B01107B3254271B400041A01 /* PenToolBarCell.swift */; };
		B01107B8254271DD00041A01 /* LassoToolBarView.swift in Sources */ = {isa = PBXBuildFile; fileRef = B01107B7254271DD00041A01 /* LassoToolBarView.swift */; };
		B01107BC254271F200041A01 /* LassoToolBarCell.swift in Sources */ = {isa = PBXBuildFile; fileRef = B01107BB254271F200041A01 /* LassoToolBarCell.swift */; };
		B01107BF2542720500041A01 /* ZImageCropper.swift in Sources */ = {isa = PBXBuildFile; fileRef = B01107BE2542720500041A01 /* ZImageCropper.swift */; };
		B01107C22542721700041A01 /* DrawView.swift in Sources */ = {isa = PBXBuildFile; fileRef = B01107C12542721700041A01 /* DrawView.swift */; };
		B01107C62542724600041A01 /* RotateSettingView.swift in Sources */ = {isa = PBXBuildFile; fileRef = B01107C52542724600041A01 /* RotateSettingView.swift */; };
		B01107CA2542725A00041A01 /* ScaleSettingView.swift in Sources */ = {isa = PBXBuildFile; fileRef = B01107C92542725A00041A01 /* ScaleSettingView.swift */; };
		B01107CD2542726F00041A01 /* OpacitySettingView.swift in Sources */ = {isa = PBXBuildFile; fileRef = B01107CC2542726F00041A01 /* OpacitySettingView.swift */; };
		B01107D02542728800041A01 /* MoveSettingView.swift in Sources */ = {isa = PBXBuildFile; fileRef = B01107CF2542728800041A01 /* MoveSettingView.swift */; };
		B01107D32542729C00041A01 /* MoveDrawView.swift in Sources */ = {isa = PBXBuildFile; fileRef = B01107D22542729C00041A01 /* MoveDrawView.swift */; };
		B01107D6254272B000041A01 /* EmitterSettingView.swift in Sources */ = {isa = PBXBuildFile; fileRef = B01107D5254272B000041A01 /* EmitterSettingView.swift */; };
		B01107DA254272E800041A01 /* Line.swift in Sources */ = {isa = PBXBuildFile; fileRef = B01107D9254272E800041A01 /* Line.swift */; };
		B01107DD2542732E00041A01 /* Canvas.swift in Sources */ = {isa = PBXBuildFile; fileRef = B01107DC2542732E00041A01 /* Canvas.swift */; };
		B01107E02542736600041A01 /* AnimateUtilities.swift in Sources */ = {isa = PBXBuildFile; fileRef = B01107DF2542736600041A01 /* AnimateUtilities.swift */; };
		B01107E32542743700041A01 /* AlertUtilities.swift in Sources */ = {isa = PBXBuildFile; fileRef = B01107E22542743700041A01 /* AlertUtilities.swift */; };
		B011142C253FD777009D55FA /* AppDelegate.swift in Sources */ = {isa = PBXBuildFile; fileRef = B011142B253FD777009D55FA /* AppDelegate.swift */; };
		B011142E253FD777009D55FA /* SceneDelegate.swift in Sources */ = {isa = PBXBuildFile; fileRef = B011142D253FD777009D55FA /* SceneDelegate.swift */; };
		B0111433253FD777009D55FA /* Main.storyboard in Resources */ = {isa = PBXBuildFile; fileRef = B0111431253FD777009D55FA /* Main.storyboard */; };
		B0111438253FD778009D55FA /* LaunchScreen.storyboard in Resources */ = {isa = PBXBuildFile; fileRef = B0111436253FD778009D55FA /* LaunchScreen.storyboard */; };
		B0111442253FD7DB009D55FA /* MainViewController.swift in Sources */ = {isa = PBXBuildFile; fileRef = B0111441253FD7DB009D55FA /* MainViewController.swift */; };
		B0111445253FD9FC009D55FA /* Extensions.swift in Sources */ = {isa = PBXBuildFile; fileRef = B0111444253FD9FC009D55FA /* Extensions.swift */; };
		B024BB122562A3F400FAA319 /* SearchController.swift in Sources */ = {isa = PBXBuildFile; fileRef = B024BB112562A3F400FAA319 /* SearchController.swift */; };
		B03ACC992549B33C00410BF7 /* ExhibitionEditController.swift in Sources */ = {isa = PBXBuildFile; fileRef = B03ACC982549B33C00410BF7 /* ExhibitionEditController.swift */; };
		B046BEB7254ECF3900B3F923 /* MainCollectionViewCell.swift in Sources */ = {isa = PBXBuildFile; fileRef = B046BEB6254ECF3900B3F923 /* MainCollectionViewCell.swift */; };
		B047BD8C255E29FB0059B342 /* NotificationCell.swift in Sources */ = {isa = PBXBuildFile; fileRef = B047BD8B255E29FB0059B342 /* NotificationCell.swift */; };
		B047BD90255E32B20059B342 /* CommentController.swift in Sources */ = {isa = PBXBuildFile; fileRef = B047BD8F255E32B20059B342 /* CommentController.swift */; };
		B04CCA06254004AC00199443 /* Utilities.swift in Sources */ = {isa = PBXBuildFile; fileRef = B04CCA05254004AC00199443 /* Utilities.swift */; };
		B04CCA0A25400C5C00199443 /* LoginController.swift in Sources */ = {isa = PBXBuildFile; fileRef = B04CCA0925400C5C00199443 /* LoginController.swift */; };
		B04CCA0E25400DAA00199443 /* RegistrationController.swift in Sources */ = {isa = PBXBuildFile; fileRef = B04CCA0D25400DAA00199443 /* RegistrationController.swift */; };
		B050EEB82578C74100D26268 /* ExhibitionService.swift in Sources */ = {isa = PBXBuildFile; fileRef = B050EEB72578C74100D26268 /* ExhibitionService.swift */; };
		B050EEBB2578C8E000D26268 /* Exhibition.swift in Sources */ = {isa = PBXBuildFile; fileRef = B050EEBA2578C8E000D26268 /* Exhibition.swift */; };
		B05492222591F8510059ED55 /* Assets.xcassets in Resources */ = {isa = PBXBuildFile; fileRef = B05492212591F8510059ED55 /* Assets.xcassets */; };
		B056F41F25613AB000DF186E /* NotificationHeaderView.swift in Sources */ = {isa = PBXBuildFile; fileRef = B056F41E25613AB000DF186E /* NotificationHeaderView.swift */; };
		B0662FF425787BD1008171D0 /* ArtworkItemService.swift in Sources */ = {isa = PBXBuildFile; fileRef = B0662FF325787BD1008171D0 /* ArtworkItemService.swift */; };
		B0662FF92578858D008171D0 /* ARResultController.swift in Sources */ = {isa = PBXBuildFile; fileRef = B0662FF82578858D008171D0 /* ARResultController.swift */; };
		B0662FFC257886B6008171D0 /* ArtworkItem.swift in Sources */ = {isa = PBXBuildFile; fileRef = B0662FFB257886B6008171D0 /* ArtworkItem.swift */; };
		B069BE6B2564A7A400CFE7F0 /* UserService.swift in Sources */ = {isa = PBXBuildFile; fileRef = B069BE6A2564A7A400CFE7F0 /* UserService.swift */; };
		B06A038D2565F8C3004BB0BE /* ArtworkService.swift in Sources */ = {isa = PBXBuildFile; fileRef = B06A038C2565F8C3004BB0BE /* ArtworkService.swift */; };
		B0712F962545447F00438FE3 /* ArtMapController.swift in Sources */ = {isa = PBXBuildFile; fileRef = B0712F952545447F00438FE3 /* ArtMapController.swift */; };
		B071E072254FE266007FBB89 /* ARCameraController.swift in Sources */ = {isa = PBXBuildFile; fileRef = B071E071254FE266007FBB89 /* ARCameraController.swift */; };
		B07C74BD25411CE700920F59 /* User.swift in Sources */ = {isa = PBXBuildFile; fileRef = B07C74BC25411CE700920F59 /* User.swift */; };
		B07C74C12541206400920F59 /* AuthService.swift in Sources */ = {isa = PBXBuildFile; fileRef = B07C74C02541206400920F59 /* AuthService.swift */; };
		B07FB4922589B0340067F399 /* Comments.swift in Sources */ = {isa = PBXBuildFile; fileRef = B07FB4912589B0340067F399 /* Comments.swift */; };
		B07FB4952589B03E0067F399 /* CommentService.swift in Sources */ = {isa = PBXBuildFile; fileRef = B07FB4942589B03E0067F399 /* CommentService.swift */; };
		B07FB4992589BBA60067F399 /* Contents.swift in Sources */ = {isa = PBXBuildFile; fileRef = B07FB4982589BBA60067F399 /* Contents.swift */; };
		B091B4E9258F296F004C6CD2 /* NotificationService.swift in Sources */ = {isa = PBXBuildFile; fileRef = B091B4E8258F296F004C6CD2 /* NotificationService.swift */; };
		B091B4EC258F29D1004C6CD2 /* Notification.swift in Sources */ = {isa = PBXBuildFile; fileRef = B091B4EB258F29D1004C6CD2 /* Notification.swift */; };
		B091B4F0258F3224004C6CD2 /* NotificationViewModel.swift in Sources */ = {isa = PBXBuildFile; fileRef = B091B4EF258F3224004C6CD2 /* NotificationViewModel.swift */; };
		B09B915C25465752003A1CC1 /* MapStyle.json in Resources */ = {isa = PBXBuildFile; fileRef = B09B915B25465752003A1CC1 /* MapStyle.json */; };
		B09B9160254673C1003A1CC1 /* MapInfoInputView.swift in Sources */ = {isa = PBXBuildFile; fileRef = B09B915F254673C1003A1CC1 /* MapInfoInputView.swift */; };
		B0A685DC255D29480012D391 /* GravitySliderFlowLayout.swift in Sources */ = {isa = PBXBuildFile; fileRef = B0A685DB255D29480012D391 /* GravitySliderFlowLayout.swift */; };
		B0A685E3255D325C0012D391 /* ArtworkDetailController.swift in Sources */ = {isa = PBXBuildFile; fileRef = B0A685E2255D325C0012D391 /* ArtworkDetailController.swift */; };
		B0A685FD255D4DEE0012D391 /* ArtworkInputView.swift in Sources */ = {isa = PBXBuildFile; fileRef = B0A685FC255D4DEE0012D391 /* ArtworkInputView.swift */; };
		B0A68605255D51420012D391 /* ArtworkDetailHeaderView.swift in Sources */ = {isa = PBXBuildFile; fileRef = B0A68604255D51420012D391 /* ArtworkDetailHeaderView.swift */; };
		B0A68608255D517C0012D391 /* ArtworkDetailCell.swift in Sources */ = {isa = PBXBuildFile; fileRef = B0A68607255D517C0012D391 /* ArtworkDetailCell.swift */; };
		B0A6860B255D518B0012D391 /* ArtworkCommentCell.swift in Sources */ = {isa = PBXBuildFile; fileRef = B0A6860A255D518B0012D391 /* ArtworkCommentCell.swift */; };
		B0A6860E255D519B0012D391 /* CommentCell.swift in Sources */ = {isa = PBXBuildFile; fileRef = B0A6860D255D519B0012D391 /* CommentCell.swift */; };
		B0A68611255D51B10012D391 /* CustomInputAccessoryView.swift in Sources */ = {isa = PBXBuildFile; fileRef = B0A68610255D51B10012D391 /* CustomInputAccessoryView.swift */; };
		B0B8B48C25554D8B003A1EAD /* ARWorldController.swift in Sources */ = {isa = PBXBuildFile; fileRef = B0B8B48B25554D8B003A1EAD /* ARWorldController.swift */; };
		B0B8B4902555520D003A1EAD /* art.scnassets in Resources */ = {isa = PBXBuildFile; fileRef = B0B8B48F2555520D003A1EAD /* art.scnassets */; };
		B0BB94572563683900FAD25B /* MessageView.swift in Sources */ = {isa = PBXBuildFile; fileRef = B0BB94562563683900FAD25B /* MessageView.swift */; };
		B0BB945B25636DDB00FAD25B /* MessageCell.swift in Sources */ = {isa = PBXBuildFile; fileRef = B0BB945A25636DDB00FAD25B /* MessageCell.swift */; };
		B0CF8343259740EB00264126 /* CameraView.swift in Sources */ = {isa = PBXBuildFile; fileRef = B0CF8342259740EB00264126 /* CameraView.swift */; };
		B0D138EA25637931001884A7 /* ChatController.swift in Sources */ = {isa = PBXBuildFile; fileRef = B0D138E925637931001884A7 /* ChatController.swift */; };
		B0D1411025418E0400D9A677 /* UserProfileController.swift in Sources */ = {isa = PBXBuildFile; fileRef = B0D1410F25418E0400D9A677 /* UserProfileController.swift */; };
		B0D14113254190C300D9A677 /* AddArtworkController.swift in Sources */ = {isa = PBXBuildFile; fileRef = B0D14112254190C300D9A677 /* AddArtworkController.swift */; };
		B0D141162541911000D9A677 /* AddExhibitionController.swift in Sources */ = {isa = PBXBuildFile; fileRef = B0D141152541911000D9A677 /* AddExhibitionController.swift */; };
		B0D141192541924300D9A677 /* AddExhibitionUtilities.swift in Sources */ = {isa = PBXBuildFile; fileRef = B0D141182541924300D9A677 /* AddExhibitionUtilities.swift */; };
		B0D39B4625709774001E3ABA /* Artwork.swift in Sources */ = {isa = PBXBuildFile; fileRef = B0D39B4525709774001E3ABA /* Artwork.swift */; };
		B0D3BBF42547C07C00A5E8F8 /* AddLocationController.swift in Sources */ = {isa = PBXBuildFile; fileRef = B0D3BBF32547C07C00A5E8F8 /* AddLocationController.swift */; };
		B0D3BBF72547C45200A5E8F8 /* AddLocationCell.swift in Sources */ = {isa = PBXBuildFile; fileRef = B0D3BBF62547C45200A5E8F8 /* AddLocationCell.swift */; };
		B0D7929D25540C8500702881 /* ProfileViewModel.swift in Sources */ = {isa = PBXBuildFile; fileRef = B0D7929C25540C8500702881 /* ProfileViewModel.swift */; };
		B0D792A22554191600702881 /* TemplateSettingView.swift in Sources */ = {isa = PBXBuildFile; fileRef = B0D792A12554191600702881 /* TemplateSettingView.swift */; };
		B0D854582582026900EF720F /* ExhibitionDetailController.swift in Sources */ = {isa = PBXBuildFile; fileRef = B0D854572582026900EF720F /* ExhibitionDetailController.swift */; };
		B0DECB5225A6A0E500F8CDD9 /* BlurSettingView.swift in Sources */ = {isa = PBXBuildFile; fileRef = B0DECB5125A6A0E500F8CDD9 /* BlurSettingView.swift */; };
		B0E16F1225BA65D800CB716D /* NotificationController.swift in Sources */ = {isa = PBXBuildFile; fileRef = B0E16F1125BA65D800CB716D /* NotificationController.swift */; };
		B0E58D09254163BD00E5A203 /* ContainerController.swift in Sources */ = {isa = PBXBuildFile; fileRef = B0E58D08254163BD00E5A203 /* ContainerController.swift */; };
		B0E58D0C2541640000E5A203 /* MenuController.swift in Sources */ = {isa = PBXBuildFile; fileRef = B0E58D0B2541640000E5A203 /* MenuController.swift */; };
		B0E58D102541644100E5A203 /* MenuTableViewCell.swift in Sources */ = {isa = PBXBuildFile; fileRef = B0E58D0F2541644100E5A203 /* MenuTableViewCell.swift */; };
		B0E58D15254164E500E5A203 /* MenuViewModel.swift in Sources */ = {isa = PBXBuildFile; fileRef = B0E58D14254164E500E5A203 /* MenuViewModel.swift */; };
		B0E58D192541655500E5A203 /* MenuHeader.swift in Sources */ = {isa = PBXBuildFile; fileRef = B0E58D182541655500E5A203 /* MenuHeader.swift */; };
/* End PBXBuildFile section */

/* Begin PBXFileReference section */
		336C3B8C321C6F640BC0297F /* Pods-ArtScreen_final.debug.xcconfig */ = {isa = PBXFileReference; includeInIndex = 1; lastKnownFileType = text.xcconfig; name = "Pods-ArtScreen_final.debug.xcconfig"; path = "Target Support Files/Pods-ArtScreen_final/Pods-ArtScreen_final.debug.xcconfig"; sourceTree = "<group>"; };
		613882EDE2F8FC380934E05B /* Pods-ArtScreen_final.release.xcconfig */ = {isa = PBXFileReference; includeInIndex = 1; lastKnownFileType = text.xcconfig; name = "Pods-ArtScreen_final.release.xcconfig"; path = "Target Support Files/Pods-ArtScreen_final/Pods-ArtScreen_final.release.xcconfig"; sourceTree = "<group>"; };
		B011073725425C0E00041A01 /* ExhibitionUploadController.swift */ = {isa = PBXFileReference; lastKnownFileType = sourcecode.swift; path = ExhibitionUploadController.swift; sourceTree = "<group>"; };
		B011073B25425D5F00041A01 /* AddArtworkInputView.swift */ = {isa = PBXFileReference; lastKnownFileType = sourcecode.swift; path = AddArtworkInputView.swift; sourceTree = "<group>"; };
		B011073F25425D8F00041A01 /* AddArtworkInputViewCell.swift */ = {isa = PBXFileReference; lastKnownFileType = sourcecode.swift; path = AddArtworkInputViewCell.swift; sourceTree = "<group>"; };
		B011074225425DBE00041A01 /* ExhibitionSettingView.swift */ = {isa = PBXFileReference; lastKnownFileType = sourcecode.swift; path = ExhibitionSettingView.swift; sourceTree = "<group>"; };
		B011074525425DD400041A01 /* ExhibitionEditView.swift */ = {isa = PBXFileReference; lastKnownFileType = sourcecode.swift; path = ExhibitionEditView.swift; sourceTree = "<group>"; };
		B011074825425DF000041A01 /* ExhibitionSendView.swift */ = {isa = PBXFileReference; lastKnownFileType = sourcecode.swift; path = ExhibitionSendView.swift; sourceTree = "<group>"; };
		B011074B25425E0800041A01 /* ExhibitionSendViewCell.swift */ = {isa = PBXFileReference; lastKnownFileType = sourcecode.swift; path = ExhibitionSendViewCell.swift; sourceTree = "<group>"; };
		B011074E25425FCE00041A01 /* ArtworkInputCell.swift */ = {isa = PBXFileReference; lastKnownFileType = sourcecode.swift; path = ArtworkInputCell.swift; sourceTree = "<group>"; };
		B01107522542613600041A01 /* UserCoverView.swift */ = {isa = PBXFileReference; lastKnownFileType = sourcecode.swift; path = UserCoverView.swift; sourceTree = "<group>"; };
		B01107552542618800041A01 /* UserContentView.swift */ = {isa = PBXFileReference; lastKnownFileType = sourcecode.swift; path = UserContentView.swift; sourceTree = "<group>"; };
		B0110758254261E100041A01 /* UserInfoView.swift */ = {isa = PBXFileReference; lastKnownFileType = sourcecode.swift; path = UserInfoView.swift; sourceTree = "<group>"; };
		B011075B2542620900041A01 /* UserExhibitionView.swift */ = {isa = PBXFileReference; lastKnownFileType = sourcecode.swift; path = UserExhibitionView.swift; sourceTree = "<group>"; };
		B011075E2542623200041A01 /* UserArtworkView.swift */ = {isa = PBXFileReference; lastKnownFileType = sourcecode.swift; path = UserArtworkView.swift; sourceTree = "<group>"; };
		B01107612542626600041A01 /* ArtworkCell.swift */ = {isa = PBXFileReference; lastKnownFileType = sourcecode.swift; path = ArtworkCell.swift; sourceTree = "<group>"; };
		B0110764254262C100041A01 /* ExhibitionCell.swift */ = {isa = PBXFileReference; lastKnownFileType = sourcecode.swift; path = ExhibitionCell.swift; sourceTree = "<group>"; };
		B01107672542630000041A01 /* FilterView.swift */ = {isa = PBXFileReference; lastKnownFileType = sourcecode.swift; path = FilterView.swift; sourceTree = "<group>"; };
		B011076A2542630F00041A01 /* FilterViewCell.swift */ = {isa = PBXFileReference; lastKnownFileType = sourcecode.swift; path = FilterViewCell.swift; sourceTree = "<group>"; };
		B011076D2542634C00041A01 /* FilterViewModel.swift */ = {isa = PBXFileReference; lastKnownFileType = sourcecode.swift; path = FilterViewModel.swift; sourceTree = "<group>"; };
		B0110770254263B300041A01 /* EditToolBarView.swift */ = {isa = PBXFileReference; lastKnownFileType = sourcecode.swift; path = EditToolBarView.swift; sourceTree = "<group>"; };
		B0110773254263DB00041A01 /* EditToolBarCell.swift */ = {isa = PBXFileReference; lastKnownFileType = sourcecode.swift; path = EditToolBarCell.swift; sourceTree = "<group>"; };
		B0110776254263FA00041A01 /* ToolBarViewModel.swift */ = {isa = PBXFileReference; lastKnownFileType = sourcecode.swift; path = ToolBarViewModel.swift; sourceTree = "<group>"; };
		B011078825426D4E00041A01 /* CameraViewX.swift */ = {isa = PBXFileReference; lastKnownFileType = sourcecode.swift; path = CameraViewX.swift; sourceTree = "<group>"; };
		B011078B25426E2200041A01 /* AlbumView.swift */ = {isa = PBXFileReference; lastKnownFileType = sourcecode.swift; path = AlbumView.swift; sourceTree = "<group>"; };
		B011078E25426E4F00041A01 /* MyHeaderFooterCollectionView.swift */ = {isa = PBXFileReference; lastKnownFileType = sourcecode.swift; path = MyHeaderFooterCollectionView.swift; sourceTree = "<group>"; };
		B01107912542702D00041A01 /* AnimateController.swift */ = {isa = PBXFileReference; lastKnownFileType = sourcecode.swift; path = AnimateController.swift; sourceTree = "<group>"; };
		B01107942542703C00041A01 /* ConfirmImageController.swift */ = {isa = PBXFileReference; lastKnownFileType = sourcecode.swift; path = ConfirmImageController.swift; sourceTree = "<group>"; };
		B01107982542706400041A01 /* ArtworkInfoSettingController.swift */ = {isa = PBXFileReference; lastKnownFileType = sourcecode.swift; path = ArtworkInfoSettingController.swift; sourceTree = "<group>"; };
		B011079C254270EC00041A01 /* FeatureToolBarView.swift */ = {isa = PBXFileReference; lastKnownFileType = sourcecode.swift; path = FeatureToolBarView.swift; sourceTree = "<group>"; };
		B011079F2542710E00041A01 /* FeatureToolBarViewModel.swift */ = {isa = PBXFileReference; lastKnownFileType = sourcecode.swift; path = FeatureToolBarViewModel.swift; sourceTree = "<group>"; };
		B01107A22542712900041A01 /* FeatureToolBarCell.swift */ = {isa = PBXFileReference; lastKnownFileType = sourcecode.swift; path = FeatureToolBarCell.swift; sourceTree = "<group>"; };
		B01107A52542714100041A01 /* AnimateToolBarView.swift */ = {isa = PBXFileReference; lastKnownFileType = sourcecode.swift; path = AnimateToolBarView.swift; sourceTree = "<group>"; };
		B01107A82542715600041A01 /* AnimateToolBarCell.swift */ = {isa = PBXFileReference; lastKnownFileType = sourcecode.swift; path = AnimateToolBarCell.swift; sourceTree = "<group>"; };
		B01107AB2542716600041A01 /* LayoutCell.swift */ = {isa = PBXFileReference; lastKnownFileType = sourcecode.swift; path = LayoutCell.swift; sourceTree = "<group>"; };
		B01107AF2542719E00041A01 /* PenToolBarView.swift */ = {isa = PBXFileReference; lastKnownFileType = sourcecode.swift; path = PenToolBarView.swift; sourceTree = "<group>"; };
		B01107B3254271B400041A01 /* PenToolBarCell.swift */ = {isa = PBXFileReference; lastKnownFileType = sourcecode.swift; path = PenToolBarCell.swift; sourceTree = "<group>"; };
		B01107B7254271DD00041A01 /* LassoToolBarView.swift */ = {isa = PBXFileReference; lastKnownFileType = sourcecode.swift; path = LassoToolBarView.swift; sourceTree = "<group>"; };
		B01107BB254271F200041A01 /* LassoToolBarCell.swift */ = {isa = PBXFileReference; lastKnownFileType = sourcecode.swift; path = LassoToolBarCell.swift; sourceTree = "<group>"; };
		B01107BE2542720500041A01 /* ZImageCropper.swift */ = {isa = PBXFileReference; lastKnownFileType = sourcecode.swift; path = ZImageCropper.swift; sourceTree = "<group>"; };
		B01107C12542721700041A01 /* DrawView.swift */ = {isa = PBXFileReference; lastKnownFileType = sourcecode.swift; path = DrawView.swift; sourceTree = "<group>"; };
		B01107C52542724600041A01 /* RotateSettingView.swift */ = {isa = PBXFileReference; lastKnownFileType = sourcecode.swift; path = RotateSettingView.swift; sourceTree = "<group>"; };
		B01107C92542725A00041A01 /* ScaleSettingView.swift */ = {isa = PBXFileReference; lastKnownFileType = sourcecode.swift; path = ScaleSettingView.swift; sourceTree = "<group>"; };
		B01107CC2542726F00041A01 /* OpacitySettingView.swift */ = {isa = PBXFileReference; lastKnownFileType = sourcecode.swift; path = OpacitySettingView.swift; sourceTree = "<group>"; };
		B01107CF2542728800041A01 /* MoveSettingView.swift */ = {isa = PBXFileReference; lastKnownFileType = sourcecode.swift; path = MoveSettingView.swift; sourceTree = "<group>"; };
		B01107D22542729C00041A01 /* MoveDrawView.swift */ = {isa = PBXFileReference; lastKnownFileType = sourcecode.swift; path = MoveDrawView.swift; sourceTree = "<group>"; };
		B01107D5254272B000041A01 /* EmitterSettingView.swift */ = {isa = PBXFileReference; lastKnownFileType = sourcecode.swift; path = EmitterSettingView.swift; sourceTree = "<group>"; };
		B01107D9254272E800041A01 /* Line.swift */ = {isa = PBXFileReference; lastKnownFileType = sourcecode.swift; path = Line.swift; sourceTree = "<group>"; };
		B01107DC2542732E00041A01 /* Canvas.swift */ = {isa = PBXFileReference; lastKnownFileType = sourcecode.swift; path = Canvas.swift; sourceTree = "<group>"; };
		B01107DF2542736600041A01 /* AnimateUtilities.swift */ = {isa = PBXFileReference; lastKnownFileType = sourcecode.swift; path = AnimateUtilities.swift; sourceTree = "<group>"; };
		B01107E22542743700041A01 /* AlertUtilities.swift */ = {isa = PBXFileReference; lastKnownFileType = sourcecode.swift; path = AlertUtilities.swift; sourceTree = "<group>"; };
		B0111428253FD777009D55FA /* ArtScreen_final.app */ = {isa = PBXFileReference; explicitFileType = wrapper.application; includeInIndex = 0; path = ArtScreen_final.app; sourceTree = BUILT_PRODUCTS_DIR; };
		B011142B253FD777009D55FA /* AppDelegate.swift */ = {isa = PBXFileReference; lastKnownFileType = sourcecode.swift; path = AppDelegate.swift; sourceTree = "<group>"; };
		B011142D253FD777009D55FA /* SceneDelegate.swift */ = {isa = PBXFileReference; lastKnownFileType = sourcecode.swift; path = SceneDelegate.swift; sourceTree = "<group>"; };
		B0111432253FD777009D55FA /* Base */ = {isa = PBXFileReference; lastKnownFileType = file.storyboard; name = Base; path = Base.lproj/Main.storyboard; sourceTree = "<group>"; };
		B0111437253FD778009D55FA /* Base */ = {isa = PBXFileReference; lastKnownFileType = file.storyboard; name = Base; path = Base.lproj/LaunchScreen.storyboard; sourceTree = "<group>"; };
		B0111439253FD778009D55FA /* Info.plist */ = {isa = PBXFileReference; lastKnownFileType = text.plist.xml; path = Info.plist; sourceTree = "<group>"; };
		B0111441253FD7DB009D55FA /* MainViewController.swift */ = {isa = PBXFileReference; lastKnownFileType = sourcecode.swift; path = MainViewController.swift; sourceTree = "<group>"; };
		B0111444253FD9FC009D55FA /* Extensions.swift */ = {isa = PBXFileReference; lastKnownFileType = sourcecode.swift; path = Extensions.swift; sourceTree = "<group>"; };
		B024BB112562A3F400FAA319 /* SearchController.swift */ = {isa = PBXFileReference; lastKnownFileType = sourcecode.swift; path = SearchController.swift; sourceTree = "<group>"; };
		B03ACC982549B33C00410BF7 /* ExhibitionEditController.swift */ = {isa = PBXFileReference; lastKnownFileType = sourcecode.swift; path = ExhibitionEditController.swift; sourceTree = "<group>"; };
		B046BEB6254ECF3900B3F923 /* MainCollectionViewCell.swift */ = {isa = PBXFileReference; lastKnownFileType = sourcecode.swift; path = MainCollectionViewCell.swift; sourceTree = "<group>"; };
		B047BD8B255E29FB0059B342 /* NotificationCell.swift */ = {isa = PBXFileReference; lastKnownFileType = sourcecode.swift; path = NotificationCell.swift; sourceTree = "<group>"; };
		B047BD8F255E32B20059B342 /* CommentController.swift */ = {isa = PBXFileReference; lastKnownFileType = sourcecode.swift; path = CommentController.swift; sourceTree = "<group>"; };
		B04CCA05254004AC00199443 /* Utilities.swift */ = {isa = PBXFileReference; lastKnownFileType = sourcecode.swift; path = Utilities.swift; sourceTree = "<group>"; };
		B04CCA0925400C5C00199443 /* LoginController.swift */ = {isa = PBXFileReference; lastKnownFileType = sourcecode.swift; path = LoginController.swift; sourceTree = "<group>"; };
		B04CCA0D25400DAA00199443 /* RegistrationController.swift */ = {isa = PBXFileReference; lastKnownFileType = sourcecode.swift; path = RegistrationController.swift; sourceTree = "<group>"; };
		B050EEB72578C74100D26268 /* ExhibitionService.swift */ = {isa = PBXFileReference; lastKnownFileType = sourcecode.swift; path = ExhibitionService.swift; sourceTree = "<group>"; };
		B050EEBA2578C8E000D26268 /* Exhibition.swift */ = {isa = PBXFileReference; lastKnownFileType = sourcecode.swift; path = Exhibition.swift; sourceTree = "<group>"; };
		B05492212591F8510059ED55 /* Assets.xcassets */ = {isa = PBXFileReference; lastKnownFileType = folder.assetcatalog; path = Assets.xcassets; sourceTree = "<group>"; };
		B056F41E25613AB000DF186E /* NotificationHeaderView.swift */ = {isa = PBXFileReference; lastKnownFileType = sourcecode.swift; path = NotificationHeaderView.swift; sourceTree = "<group>"; };
		B0662FF325787BD1008171D0 /* ArtworkItemService.swift */ = {isa = PBXFileReference; lastKnownFileType = sourcecode.swift; path = ArtworkItemService.swift; sourceTree = "<group>"; };
		B0662FF82578858D008171D0 /* ARResultController.swift */ = {isa = PBXFileReference; lastKnownFileType = sourcecode.swift; path = ARResultController.swift; sourceTree = "<group>"; };
		B0662FFB257886B6008171D0 /* ArtworkItem.swift */ = {isa = PBXFileReference; lastKnownFileType = sourcecode.swift; path = ArtworkItem.swift; sourceTree = "<group>"; };
		B069BE6A2564A7A400CFE7F0 /* UserService.swift */ = {isa = PBXFileReference; lastKnownFileType = sourcecode.swift; path = UserService.swift; sourceTree = "<group>"; };
		B06A038C2565F8C3004BB0BE /* ArtworkService.swift */ = {isa = PBXFileReference; lastKnownFileType = sourcecode.swift; path = ArtworkService.swift; sourceTree = "<group>"; };
		B0712F952545447F00438FE3 /* ArtMapController.swift */ = {isa = PBXFileReference; lastKnownFileType = sourcecode.swift; path = ArtMapController.swift; sourceTree = "<group>"; };
		B071E071254FE266007FBB89 /* ARCameraController.swift */ = {isa = PBXFileReference; lastKnownFileType = sourcecode.swift; path = ARCameraController.swift; sourceTree = "<group>"; };
		B07C74BC25411CE700920F59 /* User.swift */ = {isa = PBXFileReference; lastKnownFileType = sourcecode.swift; path = User.swift; sourceTree = "<group>"; };
		B07C74C02541206400920F59 /* AuthService.swift */ = {isa = PBXFileReference; lastKnownFileType = sourcecode.swift; path = AuthService.swift; sourceTree = "<group>"; };
		B07FB4912589B0340067F399 /* Comments.swift */ = {isa = PBXFileReference; lastKnownFileType = sourcecode.swift; path = Comments.swift; sourceTree = "<group>"; };
		B07FB4942589B03E0067F399 /* CommentService.swift */ = {isa = PBXFileReference; lastKnownFileType = sourcecode.swift; path = CommentService.swift; sourceTree = "<group>"; };
		B07FB4982589BBA60067F399 /* Contents.swift */ = {isa = PBXFileReference; lastKnownFileType = sourcecode.swift; path = Contents.swift; sourceTree = "<group>"; };
		B091B4E8258F296F004C6CD2 /* NotificationService.swift */ = {isa = PBXFileReference; lastKnownFileType = sourcecode.swift; path = NotificationService.swift; sourceTree = "<group>"; };
		B091B4EB258F29D1004C6CD2 /* Notification.swift */ = {isa = PBXFileReference; lastKnownFileType = sourcecode.swift; path = Notification.swift; sourceTree = "<group>"; };
		B091B4EF258F3224004C6CD2 /* NotificationViewModel.swift */ = {isa = PBXFileReference; lastKnownFileType = sourcecode.swift; path = NotificationViewModel.swift; sourceTree = "<group>"; };
		B09B915B25465752003A1CC1 /* MapStyle.json */ = {isa = PBXFileReference; fileEncoding = 4; lastKnownFileType = text.json; path = MapStyle.json; sourceTree = "<group>"; };
		B09B915F254673C1003A1CC1 /* MapInfoInputView.swift */ = {isa = PBXFileReference; lastKnownFileType = sourcecode.swift; path = MapInfoInputView.swift; sourceTree = "<group>"; };
		B0A685DB255D29480012D391 /* GravitySliderFlowLayout.swift */ = {isa = PBXFileReference; lastKnownFileType = sourcecode.swift; path = GravitySliderFlowLayout.swift; sourceTree = "<group>"; };
		B0A685E2255D325C0012D391 /* ArtworkDetailController.swift */ = {isa = PBXFileReference; lastKnownFileType = sourcecode.swift; path = ArtworkDetailController.swift; sourceTree = "<group>"; };
		B0A685FC255D4DEE0012D391 /* ArtworkInputView.swift */ = {isa = PBXFileReference; lastKnownFileType = sourcecode.swift; path = ArtworkInputView.swift; sourceTree = "<group>"; };
		B0A68604255D51420012D391 /* ArtworkDetailHeaderView.swift */ = {isa = PBXFileReference; lastKnownFileType = sourcecode.swift; path = ArtworkDetailHeaderView.swift; sourceTree = "<group>"; };
		B0A68607255D517C0012D391 /* ArtworkDetailCell.swift */ = {isa = PBXFileReference; lastKnownFileType = sourcecode.swift; path = ArtworkDetailCell.swift; sourceTree = "<group>"; };
		B0A6860A255D518B0012D391 /* ArtworkCommentCell.swift */ = {isa = PBXFileReference; lastKnownFileType = sourcecode.swift; path = ArtworkCommentCell.swift; sourceTree = "<group>"; };
		B0A6860D255D519B0012D391 /* CommentCell.swift */ = {isa = PBXFileReference; lastKnownFileType = sourcecode.swift; path = CommentCell.swift; sourceTree = "<group>"; };
		B0A68610255D51B10012D391 /* CustomInputAccessoryView.swift */ = {isa = PBXFileReference; lastKnownFileType = sourcecode.swift; path = CustomInputAccessoryView.swift; sourceTree = "<group>"; };
		B0B8B48B25554D8B003A1EAD /* ARWorldController.swift */ = {isa = PBXFileReference; lastKnownFileType = sourcecode.swift; path = ARWorldController.swift; sourceTree = "<group>"; };
		B0B8B48F2555520D003A1EAD /* art.scnassets */ = {isa = PBXFileReference; lastKnownFileType = wrapper.scnassets; path = art.scnassets; sourceTree = "<group>"; };
		B0BB94562563683900FAD25B /* MessageView.swift */ = {isa = PBXFileReference; lastKnownFileType = sourcecode.swift; path = MessageView.swift; sourceTree = "<group>"; };
		B0BB945A25636DDB00FAD25B /* MessageCell.swift */ = {isa = PBXFileReference; lastKnownFileType = sourcecode.swift; path = MessageCell.swift; sourceTree = "<group>"; };
		B0CF8342259740EB00264126 /* CameraView.swift */ = {isa = PBXFileReference; lastKnownFileType = sourcecode.swift; path = CameraView.swift; sourceTree = "<group>"; };
		B0D138E925637931001884A7 /* ChatController.swift */ = {isa = PBXFileReference; lastKnownFileType = sourcecode.swift; path = ChatController.swift; sourceTree = "<group>"; };
		B0D1410F25418E0400D9A677 /* UserProfileController.swift */ = {isa = PBXFileReference; lastKnownFileType = sourcecode.swift; path = UserProfileController.swift; sourceTree = "<group>"; };
		B0D14112254190C300D9A677 /* AddArtworkController.swift */ = {isa = PBXFileReference; lastKnownFileType = sourcecode.swift; path = AddArtworkController.swift; sourceTree = "<group>"; };
		B0D141152541911000D9A677 /* AddExhibitionController.swift */ = {isa = PBXFileReference; lastKnownFileType = sourcecode.swift; path = AddExhibitionController.swift; sourceTree = "<group>"; };
		B0D141182541924300D9A677 /* AddExhibitionUtilities.swift */ = {isa = PBXFileReference; lastKnownFileType = sourcecode.swift; path = AddExhibitionUtilities.swift; sourceTree = "<group>"; };
		B0D39B4525709774001E3ABA /* Artwork.swift */ = {isa = PBXFileReference; lastKnownFileType = sourcecode.swift; path = Artwork.swift; sourceTree = "<group>"; };
		B0D3BBF32547C07C00A5E8F8 /* AddLocationController.swift */ = {isa = PBXFileReference; lastKnownFileType = sourcecode.swift; path = AddLocationController.swift; sourceTree = "<group>"; };
		B0D3BBF62547C45200A5E8F8 /* AddLocationCell.swift */ = {isa = PBXFileReference; lastKnownFileType = sourcecode.swift; path = AddLocationCell.swift; sourceTree = "<group>"; };
		B0D7929C25540C8500702881 /* ProfileViewModel.swift */ = {isa = PBXFileReference; lastKnownFileType = sourcecode.swift; path = ProfileViewModel.swift; sourceTree = "<group>"; };
		B0D792A12554191600702881 /* TemplateSettingView.swift */ = {isa = PBXFileReference; lastKnownFileType = sourcecode.swift; path = TemplateSettingView.swift; sourceTree = "<group>"; };
		B0D854572582026900EF720F /* ExhibitionDetailController.swift */ = {isa = PBXFileReference; lastKnownFileType = sourcecode.swift; path = ExhibitionDetailController.swift; sourceTree = "<group>"; };
		B0DECB5125A6A0E500F8CDD9 /* BlurSettingView.swift */ = {isa = PBXFileReference; lastKnownFileType = sourcecode.swift; path = BlurSettingView.swift; sourceTree = "<group>"; };
		B0E16F1125BA65D800CB716D /* NotificationController.swift */ = {isa = PBXFileReference; lastKnownFileType = sourcecode.swift; path = NotificationController.swift; sourceTree = "<group>"; };
		B0E58D08254163BD00E5A203 /* ContainerController.swift */ = {isa = PBXFileReference; lastKnownFileType = sourcecode.swift; path = ContainerController.swift; sourceTree = "<group>"; };
		B0E58D0B2541640000E5A203 /* MenuController.swift */ = {isa = PBXFileReference; lastKnownFileType = sourcecode.swift; path = MenuController.swift; sourceTree = "<group>"; };
		B0E58D0F2541644100E5A203 /* MenuTableViewCell.swift */ = {isa = PBXFileReference; lastKnownFileType = sourcecode.swift; path = MenuTableViewCell.swift; sourceTree = "<group>"; };
		B0E58D14254164E500E5A203 /* MenuViewModel.swift */ = {isa = PBXFileReference; lastKnownFileType = sourcecode.swift; path = MenuViewModel.swift; sourceTree = "<group>"; };
		B0E58D182541655500E5A203 /* MenuHeader.swift */ = {isa = PBXFileReference; lastKnownFileType = sourcecode.swift; path = MenuHeader.swift; sourceTree = "<group>"; };
		CE9CE8F39F6D50C6154BA906 /* Pods_ArtScreen_final.framework */ = {isa = PBXFileReference; explicitFileType = wrapper.framework; includeInIndex = 0; path = Pods_ArtScreen_final.framework; sourceTree = BUILT_PRODUCTS_DIR; };
/* End PBXFileReference section */

/* Begin PBXFrameworksBuildPhase section */
		B0111425253FD777009D55FA /* Frameworks */ = {
			isa = PBXFrameworksBuildPhase;
			buildActionMask = 2147483647;
			files = (
				9152F195997FE18A5D95AC7A /* Pods_ArtScreen_final.framework in Frameworks */,
			);
			runOnlyForDeploymentPostprocessing = 0;
		};
/* End PBXFrameworksBuildPhase section */

/* Begin PBXGroup section */
		7CB112BBE28AC1784B0BBC33 /* Frameworks */ = {
			isa = PBXGroup;
			children = (
				CE9CE8F39F6D50C6154BA906 /* Pods_ArtScreen_final.framework */,
			);
			name = Frameworks;
			sourceTree = "<group>";
		};
		B011073A25425D5100041A01 /* AddExhibition */ = {
			isa = PBXGroup;
			children = (
				B011073B25425D5F00041A01 /* AddArtworkInputView.swift */,
				B011073F25425D8F00041A01 /* AddArtworkInputViewCell.swift */,
				B011074225425DBE00041A01 /* ExhibitionSettingView.swift */,
				B011074525425DD400041A01 /* ExhibitionEditView.swift */,
				B011074825425DF000041A01 /* ExhibitionSendView.swift */,
				B011074B25425E0800041A01 /* ExhibitionSendViewCell.swift */,
			);
			path = AddExhibition;
			sourceTree = "<group>";
		};
		B01107512542612300041A01 /* UserProfile */ = {
			isa = PBXGroup;
			children = (
				B0D792A0255418C800702881 /* Setting function */,
				B01107522542613600041A01 /* UserCoverView.swift */,
				B01107552542618800041A01 /* UserContentView.swift */,
				B0110758254261E100041A01 /* UserInfoView.swift */,
				B011075B2542620900041A01 /* UserExhibitionView.swift */,
				B011075E2542623200041A01 /* UserArtworkView.swift */,
				B0110770254263B300041A01 /* EditToolBarView.swift */,
				B0110773254263DB00041A01 /* EditToolBarCell.swift */,
			);
			path = UserProfile;
			sourceTree = "<group>";
		};
		B011078725426B0900041A01 /* AddArtwork */ = {
			isa = PBXGroup;
			children = (
				B01107C42542723900041A01 /* AnimateSetting */,
				B01107B6254271CD00041A01 /* LassoTool */,
				B01107AE2542718B00041A01 /* PenTool */,
				B011078825426D4E00041A01 /* CameraViewX.swift */,
				B0CF8342259740EB00264126 /* CameraView.swift */,
				B011078B25426E2200041A01 /* AlbumView.swift */,
				B011078E25426E4F00041A01 /* MyHeaderFooterCollectionView.swift */,
				B011079C254270EC00041A01 /* FeatureToolBarView.swift */,
				B01107A22542712900041A01 /* FeatureToolBarCell.swift */,
				B01107A52542714100041A01 /* AnimateToolBarView.swift */,
				B01107A82542715600041A01 /* AnimateToolBarCell.swift */,
				B01107AB2542716600041A01 /* LayoutCell.swift */,
				B0D3BBF62547C45200A5E8F8 /* AddLocationCell.swift */,
			);
			path = AddArtwork;
			sourceTree = "<group>";
		};
		B01107AE2542718B00041A01 /* PenTool */ = {
			isa = PBXGroup;
			children = (
				B01107AF2542719E00041A01 /* PenToolBarView.swift */,
				B01107B3254271B400041A01 /* PenToolBarCell.swift */,
			);
			path = PenTool;
			sourceTree = "<group>";
		};
		B01107B6254271CD00041A01 /* LassoTool */ = {
			isa = PBXGroup;
			children = (
				B01107B7254271DD00041A01 /* LassoToolBarView.swift */,
				B01107BB254271F200041A01 /* LassoToolBarCell.swift */,
				B01107BE2542720500041A01 /* ZImageCropper.swift */,
				B01107C12542721700041A01 /* DrawView.swift */,
			);
			path = LassoTool;
			sourceTree = "<group>";
		};
		B01107C42542723900041A01 /* AnimateSetting */ = {
			isa = PBXGroup;
			children = (
				B01107C52542724600041A01 /* RotateSettingView.swift */,
				B01107C92542725A00041A01 /* ScaleSettingView.swift */,
				B01107CC2542726F00041A01 /* OpacitySettingView.swift */,
				B01107CF2542728800041A01 /* MoveSettingView.swift */,
				B01107D22542729C00041A01 /* MoveDrawView.swift */,
				B01107D5254272B000041A01 /* EmitterSettingView.swift */,
				B0DECB5125A6A0E500F8CDD9 /* BlurSettingView.swift */,
			);
			path = AnimateSetting;
			sourceTree = "<group>";
		};
		B01107D8254272DC00041A01 /* Lasso */ = {
			isa = PBXGroup;
			children = (
				B01107D9254272E800041A01 /* Line.swift */,
			);
			path = Lasso;
			sourceTree = "<group>";
		};
		B011141F253FD777009D55FA = {
			isa = PBXGroup;
			children = (
				B011142A253FD777009D55FA /* ArtScreen_final */,
				B0111429253FD777009D55FA /* Products */,
				C8DAFA8C3E75E57F0925FFA2 /* Pods */,
				7CB112BBE28AC1784B0BBC33 /* Frameworks */,
			);
			sourceTree = "<group>";
		};
		B0111429253FD777009D55FA /* Products */ = {
			isa = PBXGroup;
			children = (
				B0111428253FD777009D55FA /* ArtScreen_final.app */,
			);
			name = Products;
			sourceTree = "<group>";
		};
		B011142A253FD777009D55FA /* ArtScreen_final */ = {
			isa = PBXGroup;
			children = (
				B0111448253FDA0C009D55FA /* Utils */,
				B0111449253FDA11009D55FA /* Controller */,
				B011144B253FDA1D009D55FA /* View */,
				B0E58D13254164D500E5A203 /* ViewModel */,
				B07C74BB25411CD800920F59 /* Model */,
				B07C74BA25411CD100920F59 /* API */,
				B011142B253FD777009D55FA /* AppDelegate.swift */,
				B011142D253FD777009D55FA /* SceneDelegate.swift */,
				B09B915B25465752003A1CC1 /* MapStyle.json */,
				B0111431253FD777009D55FA /* Main.storyboard */,
				B05492212591F8510059ED55 /* Assets.xcassets */,
				B0B8B48F2555520D003A1EAD /* art.scnassets */,
				B0111436253FD778009D55FA /* LaunchScreen.storyboard */,
				B0111439253FD778009D55FA /* Info.plist */,
			);
			path = ArtScreen_final;
			sourceTree = "<group>";
		};
		B0111448253FDA0C009D55FA /* Utils */ = {
			isa = PBXGroup;
			children = (
				B0111444253FD9FC009D55FA /* Extensions.swift */,
				B04CCA05254004AC00199443 /* Utilities.swift */,
				B0D141182541924300D9A677 /* AddExhibitionUtilities.swift */,
				B01107DC2542732E00041A01 /* Canvas.swift */,
				B01107DF2542736600041A01 /* AnimateUtilities.swift */,
				B01107E22542743700041A01 /* AlertUtilities.swift */,
			);
			path = Utils;
			sourceTree = "<group>";
		};
		B0111449253FDA11009D55FA /* Controller */ = {
			isa = PBXGroup;
			children = (
				B04CCA0825400C5200199443 /* Auth */,
				B0D1412E254197FA00D9A677 /* Main&Menu */,
				B0D1412D254197D200D9A677 /* AddExhibition */,
				B0D1412C254197B900D9A677 /* AddArtwork */,
				B047BD85255E29C50059B342 /* Notification */,
				B0712F942545446700438FE3 /* ArtMap */,
				B0662FF625788552008171D0 /* AR */,
				B0D854562582024E00EF720F /* UserProfile */,
				B0D1410F25418E0400D9A677 /* UserProfileController.swift */,
			);
			path = Controller;
			sourceTree = "<group>";
		};
		B011144B253FDA1D009D55FA /* View */ = {
			isa = PBXGroup;
			children = (
				B0E58D0E2541642B00E5A203 /* Main */,
				B011073A25425D5100041A01 /* AddExhibition */,
				B011078725426B0900041A01 /* AddArtwork */,
				B01107512542612300041A01 /* UserProfile */,
				B047BD8A255E29EC0059B342 /* Notification */,
				B0712F99254544ED00438FE3 /* ArtMap */,
				B011074E25425FCE00041A01 /* ArtworkInputCell.swift */,
				B01107612542626600041A01 /* ArtworkCell.swift */,
				B0110764254262C100041A01 /* ExhibitionCell.swift */,
				B01107672542630000041A01 /* FilterView.swift */,
				B011076A2542630F00041A01 /* FilterViewCell.swift */,
			);
			path = View;
			sourceTree = "<group>";
		};
		B047BD85255E29C50059B342 /* Notification */ = {
			isa = PBXGroup;
			children = (
				B0D138E925637931001884A7 /* ChatController.swift */,
				B0E16F1125BA65D800CB716D /* NotificationController.swift */,
			);
			path = Notification;
			sourceTree = "<group>";
		};
		B047BD8A255E29EC0059B342 /* Notification */ = {
			isa = PBXGroup;
			children = (
				B056F41E25613AB000DF186E /* NotificationHeaderView.swift */,
				B047BD8B255E29FB0059B342 /* NotificationCell.swift */,
				B0BB94562563683900FAD25B /* MessageView.swift */,
				B0BB945A25636DDB00FAD25B /* MessageCell.swift */,
			);
			path = Notification;
			sourceTree = "<group>";
		};
		B04CCA0825400C5200199443 /* Auth */ = {
			isa = PBXGroup;
			children = (
				B04CCA0925400C5C00199443 /* LoginController.swift */,
				B04CCA0D25400DAA00199443 /* RegistrationController.swift */,
			);
			path = Auth;
			sourceTree = "<group>";
		};
		B0662FF625788552008171D0 /* AR */ = {
			isa = PBXGroup;
			children = (
				B0B8B48B25554D8B003A1EAD /* ARWorldController.swift */,
				B071E071254FE266007FBB89 /* ARCameraController.swift */,
				B0662FF82578858D008171D0 /* ARResultController.swift */,
			);
			path = AR;
			sourceTree = "<group>";
		};
		B0712F942545446700438FE3 /* ArtMap */ = {
			isa = PBXGroup;
			children = (
				B0712F952545447F00438FE3 /* ArtMapController.swift */,
			);
			path = ArtMap;
			sourceTree = "<group>";
		};
		B0712F99254544ED00438FE3 /* ArtMap */ = {
			isa = PBXGroup;
			children = (
				B09B915F254673C1003A1CC1 /* MapInfoInputView.swift */,
			);
			path = ArtMap;
			sourceTree = "<group>";
		};
		B07C74BA25411CD100920F59 /* API */ = {
			isa = PBXGroup;
			children = (
				B07FB4982589BBA60067F399 /* Contents.swift */,
				B07C74C02541206400920F59 /* AuthService.swift */,
				B069BE6A2564A7A400CFE7F0 /* UserService.swift */,
				B06A038C2565F8C3004BB0BE /* ArtworkService.swift */,
				B0662FF325787BD1008171D0 /* ArtworkItemService.swift */,
				B050EEB72578C74100D26268 /* ExhibitionService.swift */,
				B07FB4942589B03E0067F399 /* CommentService.swift */,
				B091B4E8258F296F004C6CD2 /* NotificationService.swift */,
			);
			path = API;
			sourceTree = "<group>";
		};
		B07C74BB25411CD800920F59 /* Model */ = {
			isa = PBXGroup;
			children = (
				B01107D8254272DC00041A01 /* Lasso */,
				B07C74BC25411CE700920F59 /* User.swift */,
				B0D39B4525709774001E3ABA /* Artwork.swift */,
				B0662FFB257886B6008171D0 /* ArtworkItem.swift */,
				B050EEBA2578C8E000D26268 /* Exhibition.swift */,
				B07FB4912589B0340067F399 /* Comments.swift */,
				B091B4EB258F29D1004C6CD2 /* Notification.swift */,
			);
			path = Model;
			sourceTree = "<group>";
		};
		B0D1412C254197B900D9A677 /* AddArtwork */ = {
			isa = PBXGroup;
			children = (
				B0D14112254190C300D9A677 /* AddArtworkController.swift */,
				B01107912542702D00041A01 /* AnimateController.swift */,
				B01107942542703C00041A01 /* ConfirmImageController.swift */,
				B01107982542706400041A01 /* ArtworkInfoSettingController.swift */,
				B0D3BBF32547C07C00A5E8F8 /* AddLocationController.swift */,
			);
			path = AddArtwork;
			sourceTree = "<group>";
		};
		B0D1412D254197D200D9A677 /* AddExhibition */ = {
			isa = PBXGroup;
			children = (
				B0D141152541911000D9A677 /* AddExhibitionController.swift */,
				B011073725425C0E00041A01 /* ExhibitionUploadController.swift */,
				B03ACC982549B33C00410BF7 /* ExhibitionEditController.swift */,
			);
			path = AddExhibition;
			sourceTree = "<group>";
		};
		B0D1412E254197FA00D9A677 /* Main&Menu */ = {
			isa = PBXGroup;
			children = (
				B0E58D08254163BD00E5A203 /* ContainerController.swift */,
				B024BB112562A3F400FAA319 /* SearchController.swift */,
				B0111441253FD7DB009D55FA /* MainViewController.swift */,
				B0E58D0B2541640000E5A203 /* MenuController.swift */,
				B0A685DB255D29480012D391 /* GravitySliderFlowLayout.swift */,
				B0A685E2255D325C0012D391 /* ArtworkDetailController.swift */,
				B047BD8F255E32B20059B342 /* CommentController.swift */,
			);
			path = "Main&Menu";
			sourceTree = "<group>";
		};
		B0D792A0255418C800702881 /* Setting function */ = {
			isa = PBXGroup;
			children = (
				B0D792A12554191600702881 /* TemplateSettingView.swift */,
			);
			path = "Setting function";
			sourceTree = "<group>";
		};
		B0D854562582024E00EF720F /* UserProfile */ = {
			isa = PBXGroup;
			children = (
				B0D854572582026900EF720F /* ExhibitionDetailController.swift */,
			);
			path = UserProfile;
			sourceTree = "<group>";
		};
		B0E58D0E2541642B00E5A203 /* Main */ = {
			isa = PBXGroup;
			children = (
				B0E58D0F2541644100E5A203 /* MenuTableViewCell.swift */,
				B0E58D182541655500E5A203 /* MenuHeader.swift */,
				B046BEB6254ECF3900B3F923 /* MainCollectionViewCell.swift */,
				B0A685FC255D4DEE0012D391 /* ArtworkInputView.swift */,
				B0A68604255D51420012D391 /* ArtworkDetailHeaderView.swift */,
				B0A68607255D517C0012D391 /* ArtworkDetailCell.swift */,
				B0A6860A255D518B0012D391 /* ArtworkCommentCell.swift */,
				B0A6860D255D519B0012D391 /* CommentCell.swift */,
				B0A68610255D51B10012D391 /* CustomInputAccessoryView.swift */,
			);
			path = Main;
			sourceTree = "<group>";
		};
		B0E58D13254164D500E5A203 /* ViewModel */ = {
			isa = PBXGroup;
			children = (
				B0E58D14254164E500E5A203 /* MenuViewModel.swift */,
				B011076D2542634C00041A01 /* FilterViewModel.swift */,
				B0110776254263FA00041A01 /* ToolBarViewModel.swift */,
				B011079F2542710E00041A01 /* FeatureToolBarViewModel.swift */,
				B0D7929C25540C8500702881 /* ProfileViewModel.swift */,
				B091B4EF258F3224004C6CD2 /* NotificationViewModel.swift */,
			);
			path = ViewModel;
			sourceTree = "<group>";
		};
		C8DAFA8C3E75E57F0925FFA2 /* Pods */ = {
			isa = PBXGroup;
			children = (
				336C3B8C321C6F640BC0297F /* Pods-ArtScreen_final.debug.xcconfig */,
				613882EDE2F8FC380934E05B /* Pods-ArtScreen_final.release.xcconfig */,
			);
			path = Pods;
			sourceTree = "<group>";
		};
/* End PBXGroup section */

/* Begin PBXNativeTarget section */
		B0111427253FD777009D55FA /* ArtScreen_final */ = {
			isa = PBXNativeTarget;
			buildConfigurationList = B011143C253FD778009D55FA /* Build configuration list for PBXNativeTarget "ArtScreen_final" */;
			buildPhases = (
				EE9BFA72967BAEA35FF22955 /* [CP] Check Pods Manifest.lock */,
				B0111424253FD777009D55FA /* Sources */,
				B0111425253FD777009D55FA /* Frameworks */,
				B0111426253FD777009D55FA /* Resources */,
				27CE478C1FD6149EE2A9AAD6 /* [CP] Embed Pods Frameworks */,
				F6A47D0919D45B04C2CA9381 /* [CP] Copy Pods Resources */,
			);
			buildRules = (
			);
			dependencies = (
			);
			name = ArtScreen_final;
			productName = ArtScreen_final;
			productReference = B0111428253FD777009D55FA /* ArtScreen_final.app */;
			productType = "com.apple.product-type.application";
		};
/* End PBXNativeTarget section */

/* Begin PBXProject section */
		B0111420253FD777009D55FA /* Project object */ = {
			isa = PBXProject;
			attributes = {
				LastSwiftUpdateCheck = 1200;
				LastUpgradeCheck = 1200;
				TargetAttributes = {
					B0111427253FD777009D55FA = {
						CreatedOnToolsVersion = 12.0.1;
					};
				};
			};
			buildConfigurationList = B0111423253FD777009D55FA /* Build configuration list for PBXProject "ArtScreen_final" */;
			compatibilityVersion = "Xcode 9.3";
			developmentRegion = en;
			hasScannedForEncodings = 0;
			knownRegions = (
				en,
				Base,
			);
			mainGroup = B011141F253FD777009D55FA;
			productRefGroup = B0111429253FD777009D55FA /* Products */;
			projectDirPath = "";
			projectRoot = "";
			targets = (
				B0111427253FD777009D55FA /* ArtScreen_final */,
			);
		};
/* End PBXProject section */

/* Begin PBXResourcesBuildPhase section */
		B0111426253FD777009D55FA /* Resources */ = {
			isa = PBXResourcesBuildPhase;
			buildActionMask = 2147483647;
			files = (
				B09B915C25465752003A1CC1 /* MapStyle.json in Resources */,
				B0111438253FD778009D55FA /* LaunchScreen.storyboard in Resources */,
				B0B8B4902555520D003A1EAD /* art.scnassets in Resources */,
				B0111433253FD777009D55FA /* Main.storyboard in Resources */,
				B05492222591F8510059ED55 /* Assets.xcassets in Resources */,
			);
			runOnlyForDeploymentPostprocessing = 0;
		};
/* End PBXResourcesBuildPhase section */

/* Begin PBXShellScriptBuildPhase section */
		27CE478C1FD6149EE2A9AAD6 /* [CP] Embed Pods Frameworks */ = {
			isa = PBXShellScriptBuildPhase;
			buildActionMask = 2147483647;
			files = (
			);
			inputFileListPaths = (
				"${PODS_ROOT}/Target Support Files/Pods-ArtScreen_final/Pods-ArtScreen_final-frameworks-${CONFIGURATION}-input-files.xcfilelist",
			);
			name = "[CP] Embed Pods Frameworks";
			outputFileListPaths = (
				"${PODS_ROOT}/Target Support Files/Pods-ArtScreen_final/Pods-ArtScreen_final-frameworks-${CONFIGURATION}-output-files.xcfilelist",
			);
			runOnlyForDeploymentPostprocessing = 0;
			shellPath = /bin/sh;
			shellScript = "\"${PODS_ROOT}/Target Support Files/Pods-ArtScreen_final/Pods-ArtScreen_final-frameworks.sh\"\n";
			showEnvVarsInLog = 0;
		};
		EE9BFA72967BAEA35FF22955 /* [CP] Check Pods Manifest.lock */ = {
			isa = PBXShellScriptBuildPhase;
			buildActionMask = 2147483647;
			files = (
			);
			inputFileListPaths = (
			);
			inputPaths = (
				"${PODS_PODFILE_DIR_PATH}/Podfile.lock",
				"${PODS_ROOT}/Manifest.lock",
			);
			name = "[CP] Check Pods Manifest.lock";
			outputFileListPaths = (
			);
			outputPaths = (
				"$(DERIVED_FILE_DIR)/Pods-ArtScreen_final-checkManifestLockResult.txt",
			);
			runOnlyForDeploymentPostprocessing = 0;
			shellPath = /bin/sh;
			shellScript = "diff \"${PODS_PODFILE_DIR_PATH}/Podfile.lock\" \"${PODS_ROOT}/Manifest.lock\" > /dev/null\nif [ $? != 0 ] ; then\n    # print error to STDERR\n    echo \"error: The sandbox is not in sync with the Podfile.lock. Run 'pod install' or update your CocoaPods installation.\" >&2\n    exit 1\nfi\n# This output is used by Xcode 'outputs' to avoid re-running this script phase.\necho \"SUCCESS\" > \"${SCRIPT_OUTPUT_FILE_0}\"\n";
			showEnvVarsInLog = 0;
		};
		F6A47D0919D45B04C2CA9381 /* [CP] Copy Pods Resources */ = {
			isa = PBXShellScriptBuildPhase;
			buildActionMask = 2147483647;
			files = (
			);
			inputFileListPaths = (
				"${PODS_ROOT}/Target Support Files/Pods-ArtScreen_final/Pods-ArtScreen_final-resources-${CONFIGURATION}-input-files.xcfilelist",
			);
			name = "[CP] Copy Pods Resources";
			outputFileListPaths = (
				"${PODS_ROOT}/Target Support Files/Pods-ArtScreen_final/Pods-ArtScreen_final-resources-${CONFIGURATION}-output-files.xcfilelist",
			);
			runOnlyForDeploymentPostprocessing = 0;
			shellPath = /bin/sh;
			shellScript = "\"${PODS_ROOT}/Target Support Files/Pods-ArtScreen_final/Pods-ArtScreen_final-resources.sh\"\n";
			showEnvVarsInLog = 0;
		};
/* End PBXShellScriptBuildPhase section */

/* Begin PBXSourcesBuildPhase section */
		B0111424253FD777009D55FA /* Sources */ = {
			isa = PBXSourcesBuildPhase;
			buildActionMask = 2147483647;
			files = (
				B0D3BBF72547C45200A5E8F8 /* AddLocationCell.swift in Sources */,
				B047BD90255E32B20059B342 /* CommentController.swift in Sources */,
				B0D792A22554191600702881 /* TemplateSettingView.swift in Sources */,
				B01107BC254271F200041A01 /* LassoToolBarCell.swift in Sources */,
				B04CCA0E25400DAA00199443 /* RegistrationController.swift in Sources */,
				B011074025425D8F00041A01 /* AddArtworkInputViewCell.swift in Sources */,
				B0A68611255D51B10012D391 /* CustomInputAccessoryView.swift in Sources */,
				B0A685DC255D29480012D391 /* GravitySliderFlowLayout.swift in Sources */,
				B01107B4254271B400041A01 /* PenToolBarCell.swift in Sources */,
				B01107E02542736600041A01 /* AnimateUtilities.swift in Sources */,
				B01107A32542712900041A01 /* FeatureToolBarCell.swift in Sources */,
				B056F41F25613AB000DF186E /* NotificationHeaderView.swift in Sources */,
				B0E58D09254163BD00E5A203 /* ContainerController.swift in Sources */,
				B07FB4952589B03E0067F399 /* CommentService.swift in Sources */,
				B011074F25425FCE00041A01 /* ArtworkInputCell.swift in Sources */,
				B0110777254263FA00041A01 /* ToolBarViewModel.swift in Sources */,
				B011074C25425E0800041A01 /* ExhibitionSendViewCell.swift in Sources */,
				B01107A62542714100041A01 /* AnimateToolBarView.swift in Sources */,
				B0662FFC257886B6008171D0 /* ArtworkItem.swift in Sources */,
				B01107B8254271DD00041A01 /* LassoToolBarView.swift in Sources */,
				B091B4EC258F29D1004C6CD2 /* Notification.swift in Sources */,
				B01107AC2542716600041A01 /* LayoutCell.swift in Sources */,
				B0E58D102541644100E5A203 /* MenuTableViewCell.swift in Sources */,
				B0BB94572563683900FAD25B /* MessageView.swift in Sources */,
				B011075C2542620900041A01 /* UserExhibitionView.swift in Sources */,
				B050EEB82578C74100D26268 /* ExhibitionService.swift in Sources */,
				B01107BF2542720500041A01 /* ZImageCropper.swift in Sources */,
				B0E58D192541655500E5A203 /* MenuHeader.swift in Sources */,
				B01107B02542719E00041A01 /* PenToolBarView.swift in Sources */,
				B011079D254270EC00041A01 /* FeatureToolBarView.swift in Sources */,
				B0A685FD255D4DEE0012D391 /* ArtworkInputView.swift in Sources */,
				B0110765254262C100041A01 /* ExhibitionCell.swift in Sources */,
				B0111442253FD7DB009D55FA /* MainViewController.swift in Sources */,
				B011076E2542634C00041A01 /* FilterViewModel.swift in Sources */,
				B01107A92542715600041A01 /* AnimateToolBarCell.swift in Sources */,
				B01107682542630000041A01 /* FilterView.swift in Sources */,
				B04CCA0A25400C5C00199443 /* LoginController.swift in Sources */,
				B011078F25426E4F00041A01 /* MyHeaderFooterCollectionView.swift in Sources */,
				B0D141162541911000D9A677 /* AddExhibitionController.swift in Sources */,
				B0662FF425787BD1008171D0 /* ArtworkItemService.swift in Sources */,
				B0DECB5225A6A0E500F8CDD9 /* BlurSettingView.swift in Sources */,
				B0A68608255D517C0012D391 /* ArtworkDetailCell.swift in Sources */,
				B0A6860B255D518B0012D391 /* ArtworkCommentCell.swift in Sources */,
				B07C74C12541206400920F59 /* AuthService.swift in Sources */,
				B0BB945B25636DDB00FAD25B /* MessageCell.swift in Sources */,
				B01107D6254272B000041A01 /* EmitterSettingView.swift in Sources */,
				B011076B2542630F00041A01 /* FilterViewCell.swift in Sources */,
				B0E58D0C2541640000E5A203 /* MenuController.swift in Sources */,
				B01107CD2542726F00041A01 /* OpacitySettingView.swift in Sources */,
				B01107952542703C00041A01 /* ConfirmImageController.swift in Sources */,
				B01107CA2542725A00041A01 /* ScaleSettingView.swift in Sources */,
				B07FB4992589BBA60067F399 /* Contents.swift in Sources */,
				B01107C62542724600041A01 /* RotateSettingView.swift in Sources */,
				B011074325425DBE00041A01 /* ExhibitionSettingView.swift in Sources */,
				B0D141192541924300D9A677 /* AddExhibitionUtilities.swift in Sources */,
				B0110771254263B300041A01 /* EditToolBarView.swift in Sources */,
				B011078C25426E2200041A01 /* AlbumView.swift in Sources */,
				B0A68605255D51420012D391 /* ArtworkDetailHeaderView.swift in Sources */,
				B069BE6B2564A7A400CFE7F0 /* UserService.swift in Sources */,
				B01107532542613600041A01 /* UserCoverView.swift in Sources */,
				B01107C22542721700041A01 /* DrawView.swift in Sources */,
				B09B9160254673C1003A1CC1 /* MapInfoInputView.swift in Sources */,
				B0D1411025418E0400D9A677 /* UserProfileController.swift in Sources */,
				B0712F962545447F00438FE3 /* ArtMapController.swift in Sources */,
				B011078925426D4E00041A01 /* CameraViewX.swift in Sources */,
				B011075F2542623200041A01 /* UserArtworkView.swift in Sources */,
				B0E16F1225BA65D800CB716D /* NotificationController.swift in Sources */,
				B011142C253FD777009D55FA /* AppDelegate.swift in Sources */,
				B07C74BD25411CE700920F59 /* User.swift in Sources */,
				B01107DA254272E800041A01 /* Line.swift in Sources */,
				B0110774254263DB00041A01 /* EditToolBarCell.swift in Sources */,
				B01107D02542728800041A01 /* MoveSettingView.swift in Sources */,
				B024BB122562A3F400FAA319 /* SearchController.swift in Sources */,
				B0D39B4625709774001E3ABA /* Artwork.swift in Sources */,
				B011142E253FD777009D55FA /* SceneDelegate.swift in Sources */,
				B0D7929D25540C8500702881 /* ProfileViewModel.swift in Sources */,
				B091B4F0258F3224004C6CD2 /* NotificationViewModel.swift in Sources */,
				B0D14113254190C300D9A677 /* AddArtworkController.swift in Sources */,
				B0A685E3255D325C0012D391 /* ArtworkDetailController.swift in Sources */,
				B0D854582582026900EF720F /* ExhibitionDetailController.swift in Sources */,
				B01107622542626600041A01 /* ArtworkCell.swift in Sources */,
				B071E072254FE266007FBB89 /* ARCameraController.swift in Sources */,
				B011074625425DD400041A01 /* ExhibitionEditView.swift in Sources */,
				B01107992542706400041A01 /* ArtworkInfoSettingController.swift in Sources */,
				B01107E32542743700041A01 /* AlertUtilities.swift in Sources */,
				B06A038D2565F8C3004BB0BE /* ArtworkService.swift in Sources */,
				B01107DD2542732E00041A01 /* Canvas.swift in Sources */,
				B01107562542618800041A01 /* UserContentView.swift in Sources */,
				B0662FF92578858D008171D0 /* ARResultController.swift in Sources */,
				B011073825425C0E00041A01 /* ExhibitionUploadController.swift in Sources */,
				B091B4E9258F296F004C6CD2 /* NotificationService.swift in Sources */,
				B0110759254261E100041A01 /* UserInfoView.swift in Sources */,
				B0CF8343259740EB00264126 /* CameraView.swift in Sources */,
				B011074925425DF000041A01 /* ExhibitionSendView.swift in Sources */,
				B0E58D15254164E500E5A203 /* MenuViewModel.swift in Sources */,
				B01107A02542710E00041A01 /* FeatureToolBarViewModel.swift in Sources */,
				B0D3BBF42547C07C00A5E8F8 /* AddLocationController.swift in Sources */,
				B01107D32542729C00041A01 /* MoveDrawView.swift in Sources */,
				B0B8B48C25554D8B003A1EAD /* ARWorldController.swift in Sources */,
				B046BEB7254ECF3900B3F923 /* MainCollectionViewCell.swift in Sources */,
				B050EEBB2578C8E000D26268 /* Exhibition.swift in Sources */,
				B047BD8C255E29FB0059B342 /* NotificationCell.swift in Sources */,
				B04CCA06254004AC00199443 /* Utilities.swift in Sources */,
				B011073C25425D5F00041A01 /* AddArtworkInputView.swift in Sources */,
				B01107922542702D00041A01 /* AnimateController.swift in Sources */,
				B07FB4922589B0340067F399 /* Comments.swift in Sources */,
				B03ACC992549B33C00410BF7 /* ExhibitionEditController.swift in Sources */,
				B0111445253FD9FC009D55FA /* Extensions.swift in Sources */,
				B0A6860E255D519B0012D391 /* CommentCell.swift in Sources */,
				B0D138EA25637931001884A7 /* ChatController.swift in Sources */,
			);
			runOnlyForDeploymentPostprocessing = 0;
		};
/* End PBXSourcesBuildPhase section */

/* Begin PBXVariantGroup section */
		B0111431253FD777009D55FA /* Main.storyboard */ = {
			isa = PBXVariantGroup;
			children = (
				B0111432253FD777009D55FA /* Base */,
			);
			name = Main.storyboard;
			sourceTree = "<group>";
		};
		B0111436253FD778009D55FA /* LaunchScreen.storyboard */ = {
			isa = PBXVariantGroup;
			children = (
				B0111437253FD778009D55FA /* Base */,
			);
			name = LaunchScreen.storyboard;
			sourceTree = "<group>";
		};
/* End PBXVariantGroup section */

/* Begin XCBuildConfiguration section */
		B011143A253FD778009D55FA /* Debug */ = {
			isa = XCBuildConfiguration;
			buildSettings = {
				ALWAYS_SEARCH_USER_PATHS = NO;
				CLANG_ANALYZER_NONNULL = YES;
				CLANG_ANALYZER_NUMBER_OBJECT_CONVERSION = YES_AGGRESSIVE;
				CLANG_CXX_LANGUAGE_STANDARD = "gnu++14";
				CLANG_CXX_LIBRARY = "libc++";
				CLANG_ENABLE_MODULES = YES;
				CLANG_ENABLE_OBJC_ARC = YES;
				CLANG_ENABLE_OBJC_WEAK = YES;
				CLANG_WARN_BLOCK_CAPTURE_AUTORELEASING = YES;
				CLANG_WARN_BOOL_CONVERSION = YES;
				CLANG_WARN_COMMA = YES;
				CLANG_WARN_CONSTANT_CONVERSION = YES;
				CLANG_WARN_DEPRECATED_OBJC_IMPLEMENTATIONS = YES;
				CLANG_WARN_DIRECT_OBJC_ISA_USAGE = YES_ERROR;
				CLANG_WARN_DOCUMENTATION_COMMENTS = YES;
				CLANG_WARN_EMPTY_BODY = YES;
				CLANG_WARN_ENUM_CONVERSION = YES;
				CLANG_WARN_INFINITE_RECURSION = YES;
				CLANG_WARN_INT_CONVERSION = YES;
				CLANG_WARN_NON_LITERAL_NULL_CONVERSION = YES;
				CLANG_WARN_OBJC_IMPLICIT_RETAIN_SELF = YES;
				CLANG_WARN_OBJC_LITERAL_CONVERSION = YES;
				CLANG_WARN_OBJC_ROOT_CLASS = YES_ERROR;
				CLANG_WARN_QUOTED_INCLUDE_IN_FRAMEWORK_HEADER = YES;
				CLANG_WARN_RANGE_LOOP_ANALYSIS = YES;
				CLANG_WARN_STRICT_PROTOTYPES = YES;
				CLANG_WARN_SUSPICIOUS_MOVE = YES;
				CLANG_WARN_UNGUARDED_AVAILABILITY = YES_AGGRESSIVE;
				CLANG_WARN_UNREACHABLE_CODE = YES;
				CLANG_WARN__DUPLICATE_METHOD_MATCH = YES;
				COPY_PHASE_STRIP = NO;
				DEBUG_INFORMATION_FORMAT = dwarf;
				ENABLE_STRICT_OBJC_MSGSEND = YES;
				ENABLE_TESTABILITY = YES;
				GCC_C_LANGUAGE_STANDARD = gnu11;
				GCC_DYNAMIC_NO_PIC = NO;
				GCC_NO_COMMON_BLOCKS = YES;
				GCC_OPTIMIZATION_LEVEL = 0;
				GCC_PREPROCESSOR_DEFINITIONS = (
					"DEBUG=1",
					"$(inherited)",
				);
				GCC_WARN_64_TO_32_BIT_CONVERSION = YES;
				GCC_WARN_ABOUT_RETURN_TYPE = YES_ERROR;
				GCC_WARN_UNDECLARED_SELECTOR = YES;
				GCC_WARN_UNINITIALIZED_AUTOS = YES_AGGRESSIVE;
				GCC_WARN_UNUSED_FUNCTION = YES;
				GCC_WARN_UNUSED_VARIABLE = YES;
				IPHONEOS_DEPLOYMENT_TARGET = 14.0;
				MTL_ENABLE_DEBUG_INFO = INCLUDE_SOURCE;
				MTL_FAST_MATH = YES;
				ONLY_ACTIVE_ARCH = YES;
				SDKROOT = iphoneos;
				SWIFT_ACTIVE_COMPILATION_CONDITIONS = DEBUG;
				SWIFT_OPTIMIZATION_LEVEL = "-Onone";
			};
			name = Debug;
		};
		B011143B253FD778009D55FA /* Release */ = {
			isa = XCBuildConfiguration;
			buildSettings = {
				ALWAYS_SEARCH_USER_PATHS = NO;
				CLANG_ANALYZER_NONNULL = YES;
				CLANG_ANALYZER_NUMBER_OBJECT_CONVERSION = YES_AGGRESSIVE;
				CLANG_CXX_LANGUAGE_STANDARD = "gnu++14";
				CLANG_CXX_LIBRARY = "libc++";
				CLANG_ENABLE_MODULES = YES;
				CLANG_ENABLE_OBJC_ARC = YES;
				CLANG_ENABLE_OBJC_WEAK = YES;
				CLANG_WARN_BLOCK_CAPTURE_AUTORELEASING = YES;
				CLANG_WARN_BOOL_CONVERSION = YES;
				CLANG_WARN_COMMA = YES;
				CLANG_WARN_CONSTANT_CONVERSION = YES;
				CLANG_WARN_DEPRECATED_OBJC_IMPLEMENTATIONS = YES;
				CLANG_WARN_DIRECT_OBJC_ISA_USAGE = YES_ERROR;
				CLANG_WARN_DOCUMENTATION_COMMENTS = YES;
				CLANG_WARN_EMPTY_BODY = YES;
				CLANG_WARN_ENUM_CONVERSION = YES;
				CLANG_WARN_INFINITE_RECURSION = YES;
				CLANG_WARN_INT_CONVERSION = YES;
				CLANG_WARN_NON_LITERAL_NULL_CONVERSION = YES;
				CLANG_WARN_OBJC_IMPLICIT_RETAIN_SELF = YES;
				CLANG_WARN_OBJC_LITERAL_CONVERSION = YES;
				CLANG_WARN_OBJC_ROOT_CLASS = YES_ERROR;
				CLANG_WARN_QUOTED_INCLUDE_IN_FRAMEWORK_HEADER = YES;
				CLANG_WARN_RANGE_LOOP_ANALYSIS = YES;
				CLANG_WARN_STRICT_PROTOTYPES = YES;
				CLANG_WARN_SUSPICIOUS_MOVE = YES;
				CLANG_WARN_UNGUARDED_AVAILABILITY = YES_AGGRESSIVE;
				CLANG_WARN_UNREACHABLE_CODE = YES;
				CLANG_WARN__DUPLICATE_METHOD_MATCH = YES;
				COPY_PHASE_STRIP = NO;
				DEBUG_INFORMATION_FORMAT = "dwarf-with-dsym";
				ENABLE_NS_ASSERTIONS = NO;
				ENABLE_STRICT_OBJC_MSGSEND = YES;
				GCC_C_LANGUAGE_STANDARD = gnu11;
				GCC_NO_COMMON_BLOCKS = YES;
				GCC_WARN_64_TO_32_BIT_CONVERSION = YES;
				GCC_WARN_ABOUT_RETURN_TYPE = YES_ERROR;
				GCC_WARN_UNDECLARED_SELECTOR = YES;
				GCC_WARN_UNINITIALIZED_AUTOS = YES_AGGRESSIVE;
				GCC_WARN_UNUSED_FUNCTION = YES;
				GCC_WARN_UNUSED_VARIABLE = YES;
				IPHONEOS_DEPLOYMENT_TARGET = 14.0;
				MTL_ENABLE_DEBUG_INFO = NO;
				MTL_FAST_MATH = YES;
				SDKROOT = iphoneos;
				SWIFT_COMPILATION_MODE = wholemodule;
				SWIFT_OPTIMIZATION_LEVEL = "-O";
				VALIDATE_PRODUCT = YES;
			};
			name = Release;
		};
		B011143D253FD778009D55FA /* Debug */ = {
			isa = XCBuildConfiguration;
			baseConfigurationReference = 336C3B8C321C6F640BC0297F /* Pods-ArtScreen_final.debug.xcconfig */;
			buildSettings = {
				ASSETCATALOG_COMPILER_APPICON_NAME = AppIcon;
				ASSETCATALOG_COMPILER_GLOBAL_ACCENT_COLOR_NAME = AccentColor;
				CODE_SIGN_STYLE = Automatic;
				DEVELOPMENT_TEAM = AAS7AUXM3X;
				INFOPLIST_FILE = ArtScreen_final/Info.plist;
				LD_RUNPATH_SEARCH_PATHS = (
					"$(inherited)",
					"@executable_path/Frameworks",
				);
				PRODUCT_BUNDLE_IDENTIFIER = "weng.heng.ArtScreen-2021";
				PRODUCT_NAME = "$(TARGET_NAME)";
				SWIFT_VERSION = 5.0;
				TARGETED_DEVICE_FAMILY = "1,2";
			};
			name = Debug;
		};
		B011143E253FD778009D55FA /* Release */ = {
			isa = XCBuildConfiguration;
			baseConfigurationReference = 613882EDE2F8FC380934E05B /* Pods-ArtScreen_final.release.xcconfig */;
			buildSettings = {
				ASSETCATALOG_COMPILER_APPICON_NAME = AppIcon;
				ASSETCATALOG_COMPILER_GLOBAL_ACCENT_COLOR_NAME = AccentColor;
				CODE_SIGN_STYLE = Automatic;
				DEVELOPMENT_TEAM = AAS7AUXM3X;
				INFOPLIST_FILE = ArtScreen_final/Info.plist;
				LD_RUNPATH_SEARCH_PATHS = (
					"$(inherited)",
					"@executable_path/Frameworks",
				);
				PRODUCT_BUNDLE_IDENTIFIER = "weng.heng.ArtScreen-2021";
				PRODUCT_NAME = "$(TARGET_NAME)";
				SWIFT_VERSION = 5.0;
				TARGETED_DEVICE_FAMILY = "1,2";
			};
			name = Release;
		};
/* End XCBuildConfiguration section */

/* Begin XCConfigurationList section */
		B0111423253FD777009D55FA /* Build configuration list for PBXProject "ArtScreen_final" */ = {
			isa = XCConfigurationList;
			buildConfigurations = (
				B011143A253FD778009D55FA /* Debug */,
				B011143B253FD778009D55FA /* Release */,
			);
			defaultConfigurationIsVisible = 0;
			defaultConfigurationName = Release;
		};
		B011143C253FD778009D55FA /* Build configuration list for PBXNativeTarget "ArtScreen_final" */ = {
			isa = XCConfigurationList;
			buildConfigurations = (
				B011143D253FD778009D55FA /* Debug */,
				B011143E253FD778009D55FA /* Release */,
			);
			defaultConfigurationIsVisible = 0;
			defaultConfigurationName = Release;
		};
/* End XCConfigurationList section */
	};
	rootObject = B0111420253FD777009D55FA /* Project object */;
}
